{
  "name": "json-to-poly",
  "version": "1.0.0",
  "lockfileVersion": 2,
  "requires": true,
  "packages": {
    "": {
      "name": "json-to-poly",
      "version": "1.0.0",
      "license": "MIT",
      "dependencies": {
        "geojson-extract-geometries": "^0.0.2"
      }
    },
    "node_modules/geojson-extract-geometries": {
      "version": "0.0.2",
      "resolved": "https://registry.npmjs.org/geojson-extract-geometries/-/geojson-extract-geometries-0.0.2.tgz",
      "integrity": "sha512-R4U7g4YJuYqHnnAjIvTqWk5LBd9EYmoCNGL5MQCF4G1glDKX7TcZLC2+0xbIbb+LWFNO5p/Md0CPAGTfAm+/6Q==",
      "dependencies": {
        "multigeojson": "0.0.1"
      }
    },
    "node_modules/multigeojson": {
      "version": "0.0.1",
      "resolved": "https://registry.npmjs.org/multigeojson/-/multigeojson-0.0.1.tgz",
      "integrity": "sha512-FbCR4K9xp+0lbcHmJk1TLjXW+l82VcEhDDIU7g3DWm47WyGSpuGX8lJx58pOPa61T0b1zQUJVjllPJ6eXe54lg=="
    }
  },
  "dependencies": {
    "geojson-extract-geometries": {
      "version": "0.0.2",
      "resolved": "https://registry.npmjs.org/geojson-extract-geometries/-/geojson-extract-geometries-0.0.2.tgz",
      "integrity": "sha512-R4U7g4YJuYqHnnAjIvTqWk5LBd9EYmoCNGL5MQCF4G1glDKX7TcZLC2+0xbIbb+LWFNO5p/Md0CPAGTfAm+/6Q==",
      "requires": {
        "multigeojson": "0.0.1"
      }
    },
    "multigeojson": {
      "version": "0.0.1",
      "resolved": "https://registry.npmjs.org/multigeojson/-/multigeojson-0.0.1.tgz",
      "integrity": "sha512-FbCR4K9xp+0lbcHmJk1TLjXW+l82VcEhDDIU7g3DWm47WyGSpuGX8lJx58pOPa61T0b1zQUJVjllPJ6eXe54lg=="
    }
  }
}
